
Microsoft Visual Studio Solution File, Format Version 12.00
# Visual Studio Version 17
VisualStudioVersion = 17.12.35410.144
MinimumVisualStudioVersion = 10.0.40219.1
Project("{FAE04EC0-301F-11D3-BF4B-00C04F79EFBC}") = "RemindApp", "RemindApp\RemindApp.csproj", "{70077BC2-E3B0-4226-A847-52F7D155A868}"
EndProject
Project("{FAE04EC0-301F-11D3-BF4B-00C04F79EFBC}") = "RemindApp.Core", "RemindApp.Core\RemindApp.Core.csproj", "{6F63F761-2C30-49B5-A333-88B6C4C50001}"
EndProject
Project("{FAE04EC0-301F-11D3-BF4B-00C04F79EFBC}") = "RemindApp.Data", "RemindApp.Data\RemindApp.Data.csproj", "{0389B866-F749-4FA9-BEA8-2E082D1CECBE}"
EndProject
Global
	GlobalSection(SolutionConfigurationPlatforms) = preSolution
		Debug|Any CPU = Debug|Any CPU
		Release|Any CPU = Release|Any CPU
	EndGlobalSection
	GlobalSection(ProjectConfigurationPlatforms) = postSolution
		{70077BC2-E3B0-4226-A847-52F7D155A868}.Debug|Any CPU.ActiveCfg = Debug|Any CPU
		{70077BC2-E3B0-4226-A847-52F7D155A868}.Debug|Any CPU.Build.0 = Debug|Any CPU
		{70077BC2-E3B0-4226-A847-52F7D155A868}.Release|Any CPU.ActiveCfg = Release|Any CPU
		{70077BC2-E3B0-4226-A847-52F7D155A868}.Release|Any CPU.Build.0 = Release|Any CPU
		{6F63F761-2C30-49B5-A333-88B6C4C50001}.Debug|Any CPU.ActiveCfg = Debug|Any CPU
		{6F63F761-2C30-49B5-A333-88B6C4C50001}.Debug|Any CPU.Build.0 = Debug|Any CPU
		{6F63F761-2C30-49B5-A333-88B6C4C50001}.Release|Any CPU.ActiveCfg = Release|Any CPU
		{6F63F761-2C30-49B5-A333-88B6C4C50001}.Release|Any CPU.Build.0 = Release|Any CPU
		{0389B866-F749-4FA9-BEA8-2E082D1CECBE}.Debug|Any CPU.ActiveCfg = Debug|Any CPU
		{0389B866-F749-4FA9-BEA8-2E082D1CECBE}.Debug|Any CPU.Build.0 = Debug|Any CPU
		{0389B866-F749-4FA9-BEA8-2E082D1CECBE}.Release|Any CPU.ActiveCfg = Release|Any CPU
		{0389B866-F749-4FA9-BEA8-2E082D1CECBE}.Release|Any CPU.Build.0 = Release|Any CPU
	EndGlobalSection
	GlobalSection(SolutionProperties) = preSolution
		HideSolutionNode = FALSE
	EndGlobalSection
EndGlobal
